
Microsoft Visual Studio Solution File, Format Version 12.00
Project("{FAE04EC0-301F-11D3-BF4B-00C04F79EFBC}") = "DeaneryOffice", "DeaneryOffice\DeaneryOffice.csproj", "{722B780F-DCE4-4E14-93ED-44FECB421DCD}"
EndProject
Project("{FAE04EC0-301F-11D3-BF4B-00C04F79EFBC}") = "DeaneryOffice.API", "DeaneryOffice.API\DeaneryOffice.API.csproj", "{6ED9B7AD-2707-41E7-9DAF-7D3E988AFE77}"
EndProject
Project("{FAE04EC0-301F-11D3-BF4B-00C04F79EFBC}") = "Tests", "Tests\Tests.csproj", "{6F0900CF-2600-4B77-8212-48A25A95EA35}"
EndProject
Global
	GlobalSection(SolutionConfigurationPlatforms) = preSolution
		Debug|Any CPU = Debug|Any CPU
		Release|Any CPU = Release|Any CPU
	EndGlobalSection
	GlobalSection(ProjectConfigurationPlatforms) = postSolution
		{722B780F-DCE4-4E14-93ED-44FECB421DCD}.Debug|Any CPU.ActiveCfg = Debug|Any CPU
		{722B780F-DCE4-4E14-93ED-44FECB421DCD}.Debug|Any CPU.Build.0 = Debug|Any CPU
		{722B780F-DCE4-4E14-93ED-44FECB421DCD}.Release|Any CPU.ActiveCfg = Release|Any CPU
		{722B780F-DCE4-4E14-93ED-44FECB421DCD}.Release|Any CPU.Build.0 = Release|Any CPU
		{6ED9B7AD-2707-41E7-9DAF-7D3E988AFE77}.Debug|Any CPU.ActiveCfg = Debug|Any CPU
		{6ED9B7AD-2707-41E7-9DAF-7D3E988AFE77}.Debug|Any CPU.Build.0 = Debug|Any CPU
		{6ED9B7AD-2707-41E7-9DAF-7D3E988AFE77}.Release|Any CPU.ActiveCfg = Release|Any CPU
		{6ED9B7AD-2707-41E7-9DAF-7D3E988AFE77}.Release|Any CPU.Build.0 = Release|Any CPU
		{6F0900CF-2600-4B77-8212-48A25A95EA35}.Debug|Any CPU.ActiveCfg = Debug|Any CPU
		{6F0900CF-2600-4B77-8212-48A25A95EA35}.Debug|Any CPU.Build.0 = Debug|Any CPU
		{6F0900CF-2600-4B77-8212-48A25A95EA35}.Release|Any CPU.ActiveCfg = Release|Any CPU
		{6F0900CF-2600-4B77-8212-48A25A95EA35}.Release|Any CPU.Build.0 = Release|Any CPU
	EndGlobalSection
EndGlobal
